
Microsoft Visual Studio Solution File, Format Version 12.00
# Visual Studio Version 16
VisualStudioVersion = 16.0.29905.134
MinimumVisualStudioVersion = 10.0.40219.1
Project("{FAE04EC0-301F-11D3-BF4B-00C04F79EFBC}") = "ClassDemoKageLib", "ClassDemoKageLib\ClassDemoKageLib.csproj", "{C719A40C-253B-47A4-B7FA-7BC6E14BFEA2}"
EndProject
Project("{FAE04EC0-301F-11D3-BF4B-00C04F79EFBC}") = "ClassDemoKageREST", "ClassDemoKageREST\ClassDemoKageREST.csproj", "{E13D1943-E51E-46E5-9DF8-879EA87E867C}"
EndProject
Global
	GlobalSection(SolutionConfigurationPlatforms) = preSolution
		Debug|Any CPU = Debug|Any CPU
		Release|Any CPU = Release|Any CPU
	EndGlobalSection
	GlobalSection(ProjectConfigurationPlatforms) = postSolution
		{C719A40C-253B-47A4-B7FA-7BC6E14BFEA2}.Debug|Any CPU.ActiveCfg = Debug|Any CPU
		{C719A40C-253B-47A4-B7FA-7BC6E14BFEA2}.Debug|Any CPU.Build.0 = Debug|Any CPU
		{C719A40C-253B-47A4-B7FA-7BC6E14BFEA2}.Release|Any CPU.ActiveCfg = Release|Any CPU
		{C719A40C-253B-47A4-B7FA-7BC6E14BFEA2}.Release|Any CPU.Build.0 = Release|Any CPU
		{E13D1943-E51E-46E5-9DF8-879EA87E867C}.Debug|Any CPU.ActiveCfg = Debug|Any CPU
		{E13D1943-E51E-46E5-9DF8-879EA87E867C}.Debug|Any CPU.Build.0 = Debug|Any CPU
		{E13D1943-E51E-46E5-9DF8-879EA87E867C}.Release|Any CPU.ActiveCfg = Release|Any CPU
		{E13D1943-E51E-46E5-9DF8-879EA87E867C}.Release|Any CPU.Build.0 = Release|Any CPU
	EndGlobalSection
	GlobalSection(SolutionProperties) = preSolution
		HideSolutionNode = FALSE
	EndGlobalSection
	GlobalSection(ExtensibilityGlobals) = postSolution
		SolutionGuid = {1A0CEECF-682E-47D8-A3F6-FC55857BBDC3}
	EndGlobalSection
EndGlobal
